# THIS IS AN AUTOGENERATED FILE. DO NOT EDIT THIS FILE DIRECTLY.
# yarn lockfile v1


"@tensorflow-models/posenet@^0.2.3":
  version "0.2.3"
  resolved "https://registry.yarnpkg.com/@tensorflow-models/posenet/-/posenet-0.2.3.tgz#e3790ea7e9b616fb5d936956e13df02ff7777ead"
  integrity sha512-PcYnxkUW9FMPRROVk2RhE9rzxnmi0pd/psVRmhkTX76Y4BX8VArlT9S0z2yBjEG7hs/iCFsKeu98L2ahDmGZpA==
